{
  "requires": true,
  "lockfileVersion": 1,
  "dependencies": {
    "active-x-obfuscator": {
      "version": "0.0.1",
      "resolved": "https://registry.npmjs.org/active-x-obfuscator/-/active-x-obfuscator-0.0.1.tgz",
      "integrity": "sha1-CJuJs3FF/x2ex0r2UwvlUmyuHxo=",
      "requires": {
        "zeparser": "0.0.5"
      }
    },
    "after": {
      "version": "0.8.2",
      "resolved": "https://registry.npmjs.org/after/-/after-0.8.2.tgz",
      "integrity": "sha1-/ts5T58OAqqXaOcCvaI7UF+ufh8="
    },
    "arraybuffer.slice": {
      "version": "0.0.7",
      "resolved": "https://registry.npmjs.org/arraybuffer.slice/-/arraybuffer.slice-0.0.7.tgz",
      "integrity": "sha512-wGUIVQXuehL5TCqQun8OW81jGzAWycqzFF8lFp+GOM5BXLYj3bKNsYC4daB7n6XjCqxQA/qgTJ+8ANR3acjrog=="
    },
    "async": {
      "version": "0.1.22",
      "resolved": "https://registry.npmjs.org/async/-/async-0.1.22.tgz",
      "integrity": "sha1-D8GqoIig4+8Ovi2IMbqw3PiEUGE="
    },
    "async-limiter": {
      "version": "1.0.1",
      "resolved": "https://registry.npmjs.org/async-limiter/-/async-limiter-1.0.1.tgz",
      "integrity": "sha512-csOlWGAcRFJaI6m+F2WKdnMKr4HhdhFVBk0H/QbJFMCr+uO2kwohwXQPxw/9OCxp05r5ghVBFSyioixx3gfkNQ=="
    },
    "backo2": {
      "version": "1.0.2",
      "resolved": "https://registry.npmjs.org/backo2/-/backo2-1.0.2.tgz",
      "integrity": "sha1-MasayLEpNjRj41s+u2n038+6eUc="
    },
    "base64-arraybuffer": {
      "version": "0.1.5",
      "resolved": "https://registry.npmjs.org/base64-arraybuffer/-/base64-arraybuffer-0.1.5.tgz",
      "integrity": "sha1-c5JncZI7Whl0etZmqlzUv5xunOg="
    },
    "base64id": {
      "version": "0.1.0",
      "resolved": "https://registry.npmjs.org/base64id/-/base64id-0.1.0.tgz",
      "integrity": "sha1-As4P3u4M709ACA4ec+g08LG/zj8="
    },
    "better-assert": {
      "version": "1.0.2",
      "resolved": "https://registry.npmjs.org/better-assert/-/better-assert-1.0.2.tgz",
      "integrity": "sha1-QIZrnhueC1W0gYlDEeaPr/rrxSI=",
      "requires": {
        "callsite": "1.0.0"
      }
    },
    "blob": {
      "version": "0.0.5",
      "resolved": "https://registry.npmjs.org/blob/-/blob-0.0.5.tgz",
      "integrity": "sha512-gaqbzQPqOoamawKg0LGVd7SzLgXS+JH61oWprSLH+P+abTczqJbhTR8CmJ2u9/bUYNmHTGJx/UEmn6doAvvuig=="
    },
    "callsite": {
      "version": "1.0.0",
      "resolved": "https://registry.npmjs.org/callsite/-/callsite-1.0.0.tgz",
      "integrity": "sha1-KAOY5dZkvXQDi28JBRU+borxvCA="
    },
    "clean-css": {
      "version": "0.4.2",
      "resolved": "https://registry.npmjs.org/clean-css/-/clean-css-0.4.2.tgz",
      "integrity": "sha1-texnG2z3jwEPw5eyDa6r9ymlRUk=",
      "requires": {
        "optimist": "0.3.x"
      }
    },
    "commander": {
      "version": "2.1.0",
      "resolved": "https://registry.npmjs.org/commander/-/commander-2.1.0.tgz",
      "integrity": "sha1-0SG7roYNmZKj1Re6lvVliOR8Z4E="
    },
    "component-bind": {
      "version": "1.0.0",
      "resolved": "https://registry.npmjs.org/component-bind/-/component-bind-1.0.0.tgz",
      "integrity": "sha1-AMYIq33Nk4l8AAllGx06jh5zu9E="
    },
    "component-emitter": {
      "version": "1.2.1",
      "resolved": "https://registry.npmjs.org/component-emitter/-/component-emitter-1.2.1.tgz",
      "integrity": "sha1-E3kY1teCg/ffemt8WmPhQOaUJeY="
    },
    "component-inherit": {
      "version": "0.0.3",
      "resolved": "https://registry.npmjs.org/component-inherit/-/component-inherit-0.0.3.tgz",
      "integrity": "sha1-ZF/ErfWLcrZJ1crmUTVhnbJv8UM="
    },
    "connect": {
      "version": "1.9.2",
      "resolved": "https://registry.npmjs.org/connect/-/connect-1.9.2.tgz",
      "integrity": "sha1-QogKIulDiuWait105Df1iujlKAc=",
      "requires": {
        "formidable": "1.0.x",
        "mime": ">= 0.0.1",
        "qs": ">= 0.4.0"
      }
    },
    "core-util-is": {
      "version": "1.0.2",
      "resolved": "https://registry.npmjs.org/core-util-is/-/core-util-is-1.0.2.tgz",
      "integrity": "sha1-tf1UIgqivFq1eqtxQMlAdUUDwac="
    },
    "debug": {
      "version": "0.7.4",
      "resolved": "https://registry.npmjs.org/debug/-/debug-0.7.4.tgz",
      "integrity": "sha1-BuHqgILCyxTjmAbiLi9vdX+Srzk="
    },
    "ejs": {
      "version": "0.7.2",
      "resolved": "https://registry.npmjs.org/ejs/-/ejs-0.7.2.tgz",
      "integrity": "sha1-gDLunx/M2ug3ZYL+4cbYCzGqG9M="
    },
    "engine.io-client": {
      "version": "3.4.3",
      "resolved": "https://registry.npmjs.org/engine.io-client/-/engine.io-client-3.4.3.tgz",
      "integrity": "sha512-0NGY+9hioejTEJCaSJZfWZLk4FPI9dN+1H1C4+wj2iuFba47UgZbJzfWs4aNFajnX/qAaYKbe2lLTfEEWzCmcw==",
      "requires": {
        "component-emitter": "~1.3.0",
        "component-inherit": "0.0.3",
        "debug": "~4.1.0",
        "engine.io-parser": "~2.2.0",
        "has-cors": "1.1.0",
        "indexof": "0.0.1",
        "parseqs": "0.0.5",
        "parseuri": "0.0.5",
        "ws": "~6.1.0",
        "xmlhttprequest-ssl": "~1.5.4",
        "yeast": "0.1.2"
      },
      "dependencies": {
        "component-emitter": {
          "version": "1.3.0",
          "resolved": "https://registry.npmjs.org/component-emitter/-/component-emitter-1.3.0.tgz",
          "integrity": "sha512-Rd3se6QB+sO1TwqZjscQrurpEPIfO0/yYnSin6Q/rD3mOutHvUrCAhJub3r90uNb+SESBuE0QYoB90YdfatsRg=="
        },
        "debug": {
          "version": "4.1.1",
          "resolved": "https://registry.npmjs.org/debug/-/debug-4.1.1.tgz",
          "integrity": "sha512-pYAIzeRo8J6KPEaJ0VWOh5Pzkbw/RetuzehGM7QRRX5he4fPHx2rdKMB256ehJCkX+XRQm16eZLqLNS8RSZXZw==",
          "requires": {
            "ms": "^2.1.1"
          }
        }
      }
    },
    "engine.io-parser": {
      "version": "2.2.0",
      "resolved": "https://registry.npmjs.org/engine.io-parser/-/engine.io-parser-2.2.0.tgz",
      "integrity": "sha512-6I3qD9iUxotsC5HEMuuGsKA0cXerGz+4uGcXQEkfBidgKf0amsjrrtwcbwK/nzpZBxclXlV7gGl9dgWvu4LF6w==",
      "requires": {
        "after": "0.8.2",
        "arraybuffer.slice": "~0.0.7",
        "base64-arraybuffer": "0.1.5",
        "blob": "0.0.5",
        "has-binary2": "~1.0.2"
      }
    },
    "express": {
      "version": "2.5.11",
      "resolved": "https://registry.npmjs.org/express/-/express-2.5.11.tgz",
      "integrity": "sha1-TOjqHzY15p5J8Ou0l7aksKUc5vA=",
      "requires": {
        "connect": "1.x",
        "mime": "1.2.4",
        "mkdirp": "0.3.0",
        "qs": "0.4.x"
      }
    },
    "express-cdn": {
      "version": "0.0.3",
      "resolved": "https://registry.npmjs.org/express-cdn/-/express-cdn-0.0.3.tgz",
      "integrity": "sha1-pyYcJmkHfF4PAfjo3037e4eSsOQ=",
      "requires": {
        "async": "0.1.22",
        "clean-css": "0.4.2",
        "knox": "https://github.com/niftylettuce/knox/tarball/master",
        "mime": "1.2.6",
        "request": "2.9.203",
        "uglify-js": "1.3.2",
        "underscore": "1.3.3",
        "underscore.string": "2.2.0rc",
        "walk": "2.2.1"
      },
      "dependencies": {
        "mime": {
          "version": "1.2.6",
          "resolved": "https://registry.npmjs.org/mime/-/mime-1.2.6.tgz",
          "integrity": "sha1-sfhsdowCX6h7SAdfFwnyiuryA2U="
        },
        "underscore": {
          "version": "1.3.3",
          "resolved": "https://registry.npmjs.org/underscore/-/underscore-1.3.3.tgz",
          "integrity": "sha1-R6xTaD2vgyv6lS4XdEF9pHgXrkI="
        }
      }
    },
    "forEachAsync": {
      "version": "2.2.1",
      "resolved": "https://registry.npmjs.org/forEachAsync/-/forEachAsync-2.2.1.tgz",
      "integrity": "sha1-43I/AJA5EOHrSx2zrVG1xkoxn+w=",
      "requires": {
        "sequence": "2.x"
      }
    },
    "formidable": {
      "version": "1.0.16",
      "resolved": "https://registry.npmjs.org/formidable/-/formidable-1.0.16.tgz",
      "integrity": "sha1-SRbP38TL7QILJXpqlQWpqzjCzQ4="
    },
    "gzippo": {
      "version": "0.1.7",
      "resolved": "https://registry.npmjs.org/gzippo/-/gzippo-0.1.7.tgz",
      "integrity": "sha1-FR4PQOOwSNLmFNxRT1hS1MXngZk=",
      "requires": {
        "mime": ">= 1.2"
      }
    },
    "has-binary2": {
      "version": "1.0.3",
      "resolved": "https://registry.npmjs.org/has-binary2/-/has-binary2-1.0.3.tgz",
      "integrity": "sha512-G1LWKhDSvhGeAQ8mPVQlqNcOB2sJdwATtZKl2pDKKHfpf/rYj24lkinxf69blJbnsvtqqNU+L3SL50vzZhXOnw==",
      "requires": {
        "isarray": "2.0.1"
      },
      "dependencies": {
        "isarray": {
          "version": "2.0.1",
          "resolved": "https://registry.npmjs.org/isarray/-/isarray-2.0.1.tgz",
          "integrity": "sha1-o32U7ZzaLVmGXJ92/llu4fM4dB4="
        }
      }
    },
    "has-cors": {
      "version": "1.1.0",
      "resolved": "https://registry.npmjs.org/has-cors/-/has-cors-1.1.0.tgz",
      "integrity": "sha1-XkdHk/fqmEPRu5nCPu9J/xJv/zk="
    },
    "indexof": {
      "version": "0.0.1",
      "resolved": "https://registry.npmjs.org/indexof/-/indexof-0.0.1.tgz",
      "integrity": "sha1-gtwzbSMrkGIXnQWrMpOmYFn9Q10="
    },
    "inherits": {
      "version": "2.0.4",
      "resolved": "https://registry.npmjs.org/inherits/-/inherits-2.0.4.tgz",
      "integrity": "sha512-k/vGaX4/Yla3WzyMCvTQOXYeIHvqOKtnqBduzTHpzpQZzAskKMhZ2K+EnBiSM9zGSoIFeMpXKxa4dYeZIQqewQ=="
    },
    "isarray": {
      "version": "0.0.1",
      "resolved": "https://registry.npmjs.org/isarray/-/isarray-0.0.1.tgz",
      "integrity": "sha1-ihis/Kmo9Bd+Cav8YDiTmwXR7t8="
    },
    "knox": {
      "version": "https://github.com/niftylettuce/knox/tarball/master",
      "integrity": "sha512-f6+6LUd0O4SmmkPLB7AanmwfE00vQurMW6JixyRvbGxa6jX3a/M6WTfcV/TxAXU/cdJAgXoczr2Gw0CD8/JQxA==",
      "requires": {
        "debug": "~0.7.0",
        "mime": "*",
        "stream-counter": "~0.1.0",
        "xml2js": "0.2.x"
      }
    },
    "mime": {
      "version": "1.2.4",
      "resolved": "https://registry.npmjs.org/mime/-/mime-1.2.4.tgz",
      "integrity": "sha1-EbX9rynCUJJVF2uArVIClPXekrc="
    },
    "mkdirp": {
      "version": "0.3.0",
      "resolved": "https://registry.npmjs.org/mkdirp/-/mkdirp-0.3.0.tgz",
      "integrity": "sha1-G79asbqCevI1dRQ0kEJkVfSB/h4="
    },
    "ms": {
      "version": "2.1.2",
      "resolved": "https://registry.npmjs.org/ms/-/ms-2.1.2.tgz",
      "integrity": "sha512-sGkPx+VjMtmA6MX27oA4FBFELFCZZ4S4XqeGOXCv68tT+jb3vk/RyaKWP0PTKyWtmLSM0b+adUTEvbs1PEaH2w=="
    },
    "nan": {
      "version": "1.0.0",
      "resolved": "https://registry.npmjs.org/nan/-/nan-1.0.0.tgz",
      "integrity": "sha1-riT4hQgY1mL8q1rPfzuVv6oszzg="
    },
    "object-component": {
      "version": "0.0.3",
      "resolved": "https://registry.npmjs.org/object-component/-/object-component-0.0.3.tgz",
      "integrity": "sha1-8MaapQ78lbhmwYb0AKM3acsvEpE="
    },
    "optimist": {
      "version": "0.3.7",
      "resolved": "https://registry.npmjs.org/optimist/-/optimist-0.3.7.tgz",
      "integrity": "sha1-yQlBrVnkJzMokjB00s8ufLxuwNk=",
      "requires": {
        "wordwrap": "~0.0.2"
      }
    },
    "options": {
      "version": "0.0.6",
      "resolved": "https://registry.npmjs.org/options/-/options-0.0.6.tgz",
      "integrity": "sha1-7CLTEoBrtT5zF3Pnza788cZDEo8="
    },
    "parseqs": {
      "version": "0.0.5",
      "resolved": "https://registry.npmjs.org/parseqs/-/parseqs-0.0.5.tgz",
      "integrity": "sha1-1SCKNzjkZ2bikbouoXNoSSGouJ0=",
      "requires": {
        "better-assert": "~1.0.0"
      }
    },
    "parseuri": {
      "version": "0.0.5",
      "resolved": "https://registry.npmjs.org/parseuri/-/parseuri-0.0.5.tgz",
      "integrity": "sha1-gCBKUNTbt3m/3G6+J3jZDkvOMgo=",
      "requires": {
        "better-assert": "~1.0.0"
      }
    },
    "policyfile": {
      "version": "0.0.4",
      "resolved": "https://registry.npmjs.org/policyfile/-/policyfile-0.0.4.tgz",
      "integrity": "sha1-1rgurZiueeviKOLa9ZAzEeyYLk0="
    },
    "qs": {
      "version": "0.4.2",
      "resolved": "https://registry.npmjs.org/qs/-/qs-0.4.2.tgz",
      "integrity": "sha1-PKxMhh43GoycR3CsI82o3mObjl8="
    },
    "readable-stream": {
      "version": "1.0.34",
      "resolved": "https://registry.npmjs.org/readable-stream/-/readable-stream-1.0.34.tgz",
      "integrity": "sha1-Elgg40vIQtLyqq+v5MKRbuMsFXw=",
      "requires": {
        "core-util-is": "~1.0.0",
        "inherits": "~2.0.1",
        "isarray": "0.0.1",
        "string_decoder": "~0.10.x"
      }
    },
    "redis": {
      "version": "0.7.3",
      "resolved": "https://registry.npmjs.org/redis/-/redis-0.7.3.tgz",
      "integrity": "sha1-7le3pE0l7BWU5ENl2BZfp9HUgRo="
    },
    "request": {
      "version": "2.9.203",
      "resolved": "https://registry.npmjs.org/request/-/request-2.9.203.tgz",
      "integrity": "sha1-bBcRpUB/uUoRQhlWPkQUW8v0cjo="
    },
    "sax": {
      "version": "0.5.8",
      "resolved": "https://registry.npmjs.org/sax/-/sax-0.5.8.tgz",
      "integrity": "sha1-1HLbIo6zMcJQaw6MFVJK25OdEsE="
    },
    "sequence": {
      "version": "2.2.1",
      "resolved": "https://registry.npmjs.org/sequence/-/sequence-2.2.1.tgz",
      "integrity": "sha1-f1YXiV1ENRwKBH52RGdpBJChawM="
    },
    "socket.io": {
      "version": "0.9.19",
      "resolved": "https://registry.npmjs.org/socket.io/-/socket.io-0.9.19.tgz",
      "integrity": "sha1-SQu1/Q3FTPAC7gTmf638Q7hIo48=",
      "requires": {
        "base64id": "0.1.0",
        "policyfile": "0.0.4",
        "redis": "0.7.3",
        "socket.io-client": "0.9.16"
      },
      "dependencies": {
        "socket.io-client": {
          "version": "0.9.16",
          "resolved": "https://registry.npmjs.org/socket.io-client/-/socket.io-client-0.9.16.tgz",
          "integrity": "sha1-TadRXF53MEHRtCOXBBW8xDDzX8Y=",
          "requires": {
            "active-x-obfuscator": "0.0.1",
            "uglify-js": "1.2.5",
            "ws": "0.4.x",
            "xmlhttprequest": "1.4.2"
          }
        },
        "uglify-js": {
          "version": "1.2.5",
          "resolved": "https://registry.npmjs.org/uglify-js/-/uglify-js-1.2.5.tgz",
          "integrity": "sha1-tULCx29477NLIAsgF3Y0Mw/3ArY="
        },
        "ws": {
          "version": "0.4.32",
          "resolved": "https://registry.npmjs.org/ws/-/ws-0.4.32.tgz",
          "integrity": "sha1-eHphVEFPPJntg8V3IVOyD+sM7DI=",
          "requires": {
            "commander": "~2.1.0",
            "nan": "~1.0.0",
            "options": ">=0.0.5",
            "tinycolor": "0.x"
          }
        }
      }
    },
    "socket.io-client": {
      "version": "2.3.0",
      "resolved": "https://registry.npmjs.org/socket.io-client/-/socket.io-client-2.3.0.tgz",
      "integrity": "sha512-cEQQf24gET3rfhxZ2jJ5xzAOo/xhZwK+mOqtGRg5IowZsMgwvHwnf/mCRapAAkadhM26y+iydgwsXGObBB5ZdA==",
      "requires": {
        "backo2": "1.0.2",
        "base64-arraybuffer": "0.1.5",
        "component-bind": "1.0.0",
        "component-emitter": "1.2.1",
        "debug": "~4.1.0",
        "engine.io-client": "~3.4.0",
        "has-binary2": "~1.0.2",
        "has-cors": "1.1.0",
        "indexof": "0.0.1",
        "object-component": "0.0.3",
        "parseqs": "0.0.5",
        "parseuri": "0.0.5",
        "socket.io-parser": "~3.3.0",
        "to-array": "0.1.4"
      },
      "dependencies": {
        "debug": {
          "version": "4.1.1",
          "resolved": "https://registry.npmjs.org/debug/-/debug-4.1.1.tgz",
          "integrity": "sha512-pYAIzeRo8J6KPEaJ0VWOh5Pzkbw/RetuzehGM7QRRX5he4fPHx2rdKMB256ehJCkX+XRQm16eZLqLNS8RSZXZw==",
          "requires": {
            "ms": "^2.1.1"
          }
        }
      }
    },
    "socket.io-parser": {
      "version": "3.3.0",
      "resolved": "https://registry.npmjs.org/socket.io-parser/-/socket.io-parser-3.3.0.tgz",
      "integrity": "sha512-hczmV6bDgdaEbVqhAeVMM/jfUfzuEZHsQg6eOmLgJht6G3mPKMxYm75w2+qhAQZ+4X+1+ATZ+QFKeOZD5riHng==",
      "requires": {
        "component-emitter": "1.2.1",
        "debug": "~3.1.0",
        "isarray": "2.0.1"
      },
      "dependencies": {
        "debug": {
          "version": "3.1.0",
          "resolved": "https://registry.npmjs.org/debug/-/debug-3.1.0.tgz",
          "integrity": "sha512-OX8XqP7/1a9cqkxYw2yXss15f26NKWBpDXQd0/uK/KPqdQhxbPa994hnzjcE2VqQpDslf55723cKPUOGSmMY3g==",
          "requires": {
            "ms": "2.0.0"
          }
        },
        "isarray": {
          "version": "2.0.1",
          "resolved": "https://registry.npmjs.org/isarray/-/isarray-2.0.1.tgz",
          "integrity": "sha1-o32U7ZzaLVmGXJ92/llu4fM4dB4="
        },
        "ms": {
          "version": "2.0.0",
          "resolved": "https://registry.npmjs.org/ms/-/ms-2.0.0.tgz",
          "integrity": "sha1-VgiurfwAvmwpAd9fmGF4jeDVl8g="
        }
      }
    },
    "stream-counter": {
      "version": "0.1.0",
      "resolved": "https://registry.npmjs.org/stream-counter/-/stream-counter-0.1.0.tgz",
      "integrity": "sha1-oDXkKTYftX82Fgbhf82Ki5Z3Mns=",
      "requires": {
        "readable-stream": "~1.0.2"
      }
    },
    "string_decoder": {
      "version": "0.10.31",
      "resolved": "https://registry.npmjs.org/string_decoder/-/string_decoder-0.10.31.tgz",
      "integrity": "sha1-YuIDvEF2bGwoyfyEMB2rHFMQ+pQ="
    },
    "tinycolor": {
      "version": "0.0.1",
      "resolved": "https://registry.npmjs.org/tinycolor/-/tinycolor-0.0.1.tgz",
      "integrity": "sha1-MgtaUtg6u1l42Bo+iH1K77FaYWQ="
    },
    "to-array": {
      "version": "0.1.4",
      "resolved": "https://registry.npmjs.org/to-array/-/to-array-0.1.4.tgz",
      "integrity": "sha1-F+bBH3PdTz10zaek/zI46a2b+JA="
    },
    "uglify-js": {
      "version": "1.3.2",
      "resolved": "https://registry.npmjs.org/uglify-js/-/uglify-js-1.3.2.tgz",
      "integrity": "sha1-ftEcne33fyljIobqTclqIimu+Y4="
    },
    "underscore": {
      "version": "1.10.2",
      "resolved": "https://registry.npmjs.org/underscore/-/underscore-1.10.2.tgz",
      "integrity": "sha512-N4P+Q/BuyuEKFJ43B9gYuOj4TQUHXX+j2FqguVOpjkssLUUrnJofCcBccJSCoeturDoZU6GorDTHSvUDlSQbTg=="
    },
    "underscore.string": {
      "version": "2.2.0-rc",
      "resolved": "https://registry.npmjs.org/underscore.string/-/underscore.string-2.2.0rc.tgz",
      "integrity": "sha1-8DoZMk1q8Hyb7S7hpjl0Xrfzuao="
    },
    "walk": {
      "version": "2.2.1",
      "resolved": "https://registry.npmjs.org/walk/-/walk-2.2.1.tgz",
      "integrity": "sha1-WtofjknkfUt0Rdi+ei4eYxq0MBY=",
      "requires": {
        "forEachAsync": "~2.2"
      }
    },
    "wordwrap": {
      "version": "0.0.3",
      "resolved": "https://registry.npmjs.org/wordwrap/-/wordwrap-0.0.3.tgz",
      "integrity": "sha1-o9XabNXAvAAI03I0u68b7WMFkQc="
    },
    "ws": {
      "version": "6.1.4",
      "resolved": "https://registry.npmjs.org/ws/-/ws-6.1.4.tgz",
      "integrity": "sha512-eqZfL+NE/YQc1/ZynhojeV8q+H050oR8AZ2uIev7RU10svA9ZnJUddHcOUZTJLinZ9yEfdA2kSATS2qZK5fhJA==",
      "requires": {
        "async-limiter": "~1.0.0"
      }
    },
    "xml2js": {
      "version": "0.2.8",
      "resolved": "https://registry.npmjs.org/xml2js/-/xml2js-0.2.8.tgz",
      "integrity": "sha1-m4FpCTFjH/CdGVdUn69U9PmAs8I=",
      "requires": {
        "sax": "0.5.x"
      }
    },
    "xmlhttprequest": {
      "version": "1.4.2",
      "resolved": "https://registry.npmjs.org/xmlhttprequest/-/xmlhttprequest-1.4.2.tgz",
      "integrity": "sha1-AUU6HZvtHo8XL2SVu/TIxCYyFQA="
    },
    "xmlhttprequest-ssl": {
      "version": "1.5.5",
      "resolved": "https://registry.npmjs.org/xmlhttprequest-ssl/-/xmlhttprequest-ssl-1.5.5.tgz",
      "integrity": "sha1-wodrBhaKrcQOV9l+gRkayPQ5iz4="
    },
    "yeast": {
      "version": "0.1.2",
      "resolved": "https://registry.npmjs.org/yeast/-/yeast-0.1.2.tgz",
      "integrity": "sha1-AI4G2AlDIMNy28L47XagymyKxBk="
    },
    "zeparser": {
      "version": "0.0.5",
      "resolved": "https://registry.npmjs.org/zeparser/-/zeparser-0.0.5.tgz",
      "integrity": "sha1-A3JlYbwmjy5URPVMZlt/1KjAKeI="
    }
  }
}
